<?xml version="1.0" encoding="utf-8"?>
<Project ToolsVersion="4.0" xmlns="http://schemas.microsoft.com/developer/msbuild/2003">
  <ItemGroup>
    <Filter Include="Source Files">
      <UniqueIdentifier>{e5a5ebb0-0bdf-407b-9ba2-77f9465d1342}</UniqueIdentifier>
      <Extensions>cpp;c;cxx;rc;def;r;odl;idl;hpj;bat</Extensions>
    </Filter>
    <Filter Include="Header Files">
      <UniqueIdentifier>{67d6f11b-235a-43ee-a424-a2d85b9a9c5a}</UniqueIdentifier>
      <Extensions>h;hpp;hxx;hm;inl</Extensions>
    </Filter>
    <Filter Include="Resource Files">
      <UniqueIdentifier>{de8d5679-37c5-4b56-b71b-e18306021cf4}</UniqueIdentifier>
      <Extensions>ico;cur;bmp;dlg;rc2;rct;bin;rgs;gif;jpg;jpeg;jpe</Extensions>
    </Filter>
    <Filter Include="_Common">
      <UniqueIdentifier>{3b9c2f4e-7d1a-4c6e-9f2b-5a8d0e1c7b43}</UniqueIdentifier>
    </Filter>
  </ItemGroup>
  <ItemGroup>
    <ClCompile Include="fname_exchange.cc">
      <Filter>Source Files</Filter>
    </ClCompile>
    <ClCompile Include="fname_exchange_dlg.cc">
      <Filter>Source Files</Filter>
    </ClCompile>
    <ClCompile Include="StdAfx.cpp">
      <Filter>Source Files</Filter>
    </ClCompile>
    <ClCompile Include="..\..\_Common\common_util.cc">
      <Filter>_Common</Filter>
    </ClCompile>
  </ItemGroup>
  <ItemGroup>
    <ResourceCompile Include="fname_exchange.rc">
      <Filter>Source Files</Filter>
    </ResourceCompile>
  </ItemGroup>
  <ItemGroup>
    <ClInclude Include="fname_exchange.h">
      <Filter>Header Files</Filter>
    </ClInclude>
    <ClInclude Include="fname_exchange_dlg.h">
      <Filter>Header Files</Filter>
    </ClInclude>
    <ClInclude Include="resource.h">
      <Filter>Header Files</Filter>
    </ClInclude>
    <ClInclude Include="StdAfx.h">
      <Filter>Header Files</Filter>
    </ClInclude>
    <ClInclude Include="..\..\_Common\common_util.h">
      <Filter>_Common</Filter>
    </ClInclude>
  </ItemGroup>
  <ItemGroup>
    <Image Include="res\fname_exchange.ico">
      <Filter>Resource Files</Filter>
    </Image>
  </ItemGroup>
</Project>
