
Microsoft Visual Studio Solution File, Format Version 11.00
# Visual Studio 2010
Project("{8BC9CEB8-8B4A-11D0-8D11-00A0C91BC942}") = "BinaryEdit_Mfc", "Source\BinaryEdit_Mfc.vcxproj", "{749C85C3-327D-4409-8473-8417AEB0A461}"
EndProject
Global
	GlobalSection(SolutionConfigurationPlatforms) = preSolution
		Debug|x64 = Debug|x64
		Release|x64 = Release|x64
	EndGlobalSection
	GlobalSection(ProjectConfigurationPlatforms) = postSolution
		{749C85C3-327D-4409-8473-8417AEB0A461}.Debug|x64.ActiveCfg = Debug|x64
		{749C85C3-327D-4409-8473-8417AEB0A461}.Debug|x64.Build.0 = Debug|x64
		{749C85C3-327D-4409-8473-8417AEB0A461}.Release|x64.ActiveCfg = Release|x64
		{749C85C3-327D-4409-8473-8417AEB0A461}.Release|x64.Build.0 = Release|x64
	EndGlobalSection
	GlobalSection(SolutionProperties) = preSolution
		HideSolutionNode = FALSE
	EndGlobalSection
EndGlobal
