
Microsoft Visual Studio Solution File, Format Version 11.00
# Visual Studio 2010
Project("{8BC9CEB8-8B4A-11D0-8D11-00A0C91BC942}") = "TemplateConsole", "TemplateConsole\TemplateConsole.vcxproj", "{634517A9-E569-4573-B761-B0CB3E97C93D}"
EndProject
Global
	GlobalSection(SolutionConfigurationPlatforms) = preSolution
		Debug|Win32 = Debug|Win32
		Release|Win32 = Release|Win32
	EndGlobalSection
	GlobalSection(ProjectConfigurationPlatforms) = postSolution
		{634517A9-E569-4573-B761-B0CB3E97C93D}.Debug|Win32.ActiveCfg = Debug|Win32
		{634517A9-E569-4573-B761-B0CB3E97C93D}.Debug|Win32.Build.0 = Debug|Win32
		{634517A9-E569-4573-B761-B0CB3E97C93D}.Release|Win32.ActiveCfg = Release|Win32
		{634517A9-E569-4573-B761-B0CB3E97C93D}.Release|Win32.Build.0 = Release|Win32
	EndGlobalSection
	GlobalSection(SolutionProperties) = preSolution
		HideSolutionNode = FALSE
	EndGlobalSection
EndGlobal
