<?xml version="1.0" encoding="utf-8"?>
<Project ToolsVersion="4.0" xmlns="http://schemas.microsoft.com/developer/msbuild/2003">
  <ItemGroup>
    <Filter Include="ソース ファイル">
      <UniqueIdentifier>{4FC737F1-C7A5-4376-A066-2A32D752A2FF}</UniqueIdentifier>
      <Extensions>cpp;c;cc;cxx;def;odl;idl;hpj;bat;asm;asmx</Extensions>
    </Filter>
    <Filter Include="ヘッダー ファイル">
      <UniqueIdentifier>{93995380-89BD-4b04-88EB-625FBE52EBFB}</UniqueIdentifier>
      <Extensions>h;hpp;hxx;hm;inl;inc;xsd</Extensions>
    </Filter>
    <Filter Include="リソース ファイル">
      <UniqueIdentifier>{67DA6AB6-F800-4c08-8B7A-83BB121AAD01}</UniqueIdentifier>
      <Extensions>rc;ico;cur;bmp;dlg;rc2;rct;bin;rgs;gif;jpg;jpeg;jpe;resx;tiff;tif;png;wav;mfcribbon-ms</Extensions>
    </Filter>
  </ItemGroup>
  <ItemGroup>
    <None Include="ReadMe.txt" />
    <None Include="BinaryEdit_Mfc.reg" />
    <None Include="res\file_view.ico">
      <Filter>リソース ファイル</Filter>
    </None>
    <None Include="res\file_view_hc.ico">
      <Filter>リソース ファイル</Filter>
    </None>
    <None Include="res\class_view.ico">
      <Filter>リソース ファイル</Filter>
    </None>
    <None Include="res\class_view_hc.ico">
      <Filter>リソース ファイル</Filter>
    </None>
    <None Include="res\fileview.bmp">
      <Filter>リソース ファイル</Filter>
    </None>
    <None Include="res\fileview_hc.bmp">
      <Filter>リソース ファイル</Filter>
    </None>
    <None Include="res\classview.bmp">
      <Filter>リソース ファイル</Filter>
    </None>
    <None Include="res\classview_hc.bmp">
      <Filter>リソース ファイル</Filter>
    </None>
    <None Include="res\explorer.bmp">
      <Filter>リソース ファイル</Filter>
    </None>
    <None Include="res\explorer_hc.bmp">
      <Filter>リソース ファイル</Filter>
    </None>
    <None Include="res\sort.bmp">
      <Filter>リソース ファイル</Filter>
    </None>
    <None Include="res\sort_hc.bmp">
      <Filter>リソース ファイル</Filter>
    </None>
    <None Include="res\menuimages.bmp">
      <Filter>リソース ファイル</Filter>
    </None>
    <None Include="res\menuimages_hc.bmp">
      <Filter>リソース ファイル</Filter>
    </None>
    <None Include="res\output_wnd.ico">
      <Filter>リソース ファイル</Filter>
    </None>
    <None Include="res\output_wnd_hc.ico">
      <Filter>リソース ファイル</Filter>
    </None>
    <None Include="res\properties_wnd.ico">
      <Filter>リソース ファイル</Filter>
    </None>
    <None Include="res\properties_wnd_hc.ico">
      <Filter>リソース ファイル</Filter>
    </None>
    <None Include="res\properties.bmp">
      <Filter>リソース ファイル</Filter>
    </None>
    <None Include="res\properties_hc.bmp">
      <Filter>リソース ファイル</Filter>
    </None>
    <None Include="UserImages.bmp">
      <Filter>リソース ファイル</Filter>
    </None>
    <None Include="res\BinaryEdit_Mfc.rc2">
      <Filter>リソース ファイル</Filter>
    </None>
    <None Include="res\BinaryEdit_MfcDoc.ico">
      <Filter>リソース ファイル</Filter>
    </None>
    <None Include="res\BinaryEdit_Mfc.ico">
      <Filter>リソース ファイル</Filter>
    </None>
    <None Include="res\Toolbar.bmp">
      <Filter>リソース ファイル</Filter>
    </None>
    <None Include="res\Toolbar256.bmp">
      <Filter>リソース ファイル</Filter>
    </None>
  </ItemGroup>
  <ItemGroup>
    <ClInclude Include="binary_edit_mfc.h">
      <Filter>ヘッダー ファイル</Filter>
    </ClInclude>
    <ClInclude Include="stdafx.h">
      <Filter>ヘッダー ファイル</Filter>
    </ClInclude>
    <ClInclude Include="targetver.h">
      <Filter>ヘッダー ファイル</Filter>
    </ClInclude>
    <ClInclude Include="main_frm.h">
      <Filter>ヘッダー ファイル</Filter>
    </ClInclude>
    <ClInclude Include="child_frm.h">
      <Filter>ヘッダー ファイル</Filter>
    </ClInclude>
    <ClInclude Include="binary_edit_mfc_doc.h">
      <Filter>ヘッダー ファイル</Filter>
    </ClInclude>
    <ClInclude Include="binary_edit_mfc_view.h">
      <Filter>ヘッダー ファイル</Filter>
    </ClInclude>
    <ClInclude Include="Resource.h">
      <Filter>ヘッダー ファイル</Filter>
    </ClInclude>
    <ClInclude Include="file_view.h">
      <Filter>ヘッダー ファイル</Filter>
    </ClInclude>
    <ClInclude Include="class_view.h">
      <Filter>ヘッダー ファイル</Filter>
    </ClInclude>
    <ClInclude Include="view_tree.h">
      <Filter>ヘッダー ファイル</Filter>
    </ClInclude>
    <ClInclude Include="pane_tool_bar.h">
      <Filter>ヘッダー ファイル</Filter>
    </ClInclude>
    <ClInclude Include="output_wnd.h">
      <Filter>ヘッダー ファイル</Filter>
    </ClInclude>
    <ClInclude Include="properties_wnd.h">
      <Filter>ヘッダー ファイル</Filter>
    </ClInclude>
  </ItemGroup>
  <ItemGroup>
    <ClCompile Include="binary_edit_mfc.cc">
      <Filter>ソース ファイル</Filter>
    </ClCompile>
    <ClCompile Include="stdafx.cpp">
      <Filter>ソース ファイル</Filter>
    </ClCompile>
    <ClCompile Include="main_frm.cc">
      <Filter>ソース ファイル</Filter>
    </ClCompile>
    <ClCompile Include="child_frm.cc">
      <Filter>ソース ファイル</Filter>
    </ClCompile>
    <ClCompile Include="binary_edit_mfc_doc.cc">
      <Filter>ソース ファイル</Filter>
    </ClCompile>
    <ClCompile Include="binary_edit_mfc_view.cc">
      <Filter>ソース ファイル</Filter>
    </ClCompile>
    <ClCompile Include="file_view.cc">
      <Filter>ソース ファイル</Filter>
    </ClCompile>
    <ClCompile Include="class_view.cc">
      <Filter>ソース ファイル</Filter>
    </ClCompile>
    <ClCompile Include="view_tree.cc">
      <Filter>ソース ファイル</Filter>
    </ClCompile>
    <ClCompile Include="output_wnd.cc">
      <Filter>ソース ファイル</Filter>
    </ClCompile>
    <ClCompile Include="properties_wnd.cc">
      <Filter>ソース ファイル</Filter>
    </ClCompile>
  </ItemGroup>
  <ItemGroup>
    <ResourceCompile Include="BinaryEdit_Mfc.rc">
      <Filter>リソース ファイル</Filter>
    </ResourceCompile>
  </ItemGroup>
</Project>